dependencies:
- name: postgresql
  repository: https://raw.githubusercontent.com/bitnami/charts/eb5f9a9513d987b519f0ecd732e7031241c50328/bitnami
  version: 10.10.3
- name: common
  repository: https://charts.bitnami.com/bitnami
  version: 2.0.4
digest: sha256:0dd1a568f72dede91c805cb0e07d62c81b6edf2d89c0216dc71ececb362240ef
generated: "2022-11-23T15:21:32.538864315-08:00"
